
Microsoft Visual Studio Solution File, Format Version 12.00
# Visual Studio Version 16
VisualStudioVersion = 16.0.30406.217
MinimumVisualStudioVersion = 10.0.40219.1
Project("{FAE04EC0-301F-11D3-BF4B-00C04F79EFBC}") = "Logging", "Logging\Logging.csproj", "{26BBECBF-1D4C-403E-A5BD-F119228E5837}"
EndProject
Project("{FAE04EC0-301F-11D3-BF4B-00C04F79EFBC}") = "DataModel", "DataModel\DataModel.csproj", "{7B906E56-49CD-4833-90AA-AE8BAA34B850}"
EndProject
Project("{FAE04EC0-301F-11D3-BF4B-00C04F79EFBC}") = "ImageSearchAPI", "ImageSearchAPI\ImageSearchAPI.csproj", "{63BD497F-4294-4D5D-885C-CED3234A65A4}"
EndProject
Global
	GlobalSection(SolutionConfigurationPlatforms) = preSolution
		Debug|Any CPU = Debug|Any CPU
		Release|Any CPU = Release|Any CPU
	EndGlobalSection
	GlobalSection(ProjectConfigurationPlatforms) = postSolution
		{26BBECBF-1D4C-403E-A5BD-F119228E5837}.Debug|Any CPU.ActiveCfg = Debug|Any CPU
		{26BBECBF-1D4C-403E-A5BD-F119228E5837}.Debug|Any CPU.Build.0 = Debug|Any CPU
		{26BBECBF-1D4C-403E-A5BD-F119228E5837}.Release|Any CPU.ActiveCfg = Release|Any CPU
		{26BBECBF-1D4C-403E-A5BD-F119228E5837}.Release|Any CPU.Build.0 = Release|Any CPU
		{7B906E56-49CD-4833-90AA-AE8BAA34B850}.Debug|Any CPU.ActiveCfg = Debug|Any CPU
		{7B906E56-49CD-4833-90AA-AE8BAA34B850}.Debug|Any CPU.Build.0 = Debug|Any CPU
		{7B906E56-49CD-4833-90AA-AE8BAA34B850}.Release|Any CPU.ActiveCfg = Release|Any CPU
		{7B906E56-49CD-4833-90AA-AE8BAA34B850}.Release|Any CPU.Build.0 = Release|Any CPU
		{63BD497F-4294-4D5D-885C-CED3234A65A4}.Debug|Any CPU.ActiveCfg = Debug|Any CPU
		{63BD497F-4294-4D5D-885C-CED3234A65A4}.Debug|Any CPU.Build.0 = Debug|Any CPU
		{63BD497F-4294-4D5D-885C-CED3234A65A4}.Release|Any CPU.ActiveCfg = Release|Any CPU
		{63BD497F-4294-4D5D-885C-CED3234A65A4}.Release|Any CPU.Build.0 = Release|Any CPU
	EndGlobalSection
	GlobalSection(SolutionProperties) = preSolution
		HideSolutionNode = FALSE
	EndGlobalSection
	GlobalSection(ExtensibilityGlobals) = postSolution
		SolutionGuid = {DB921281-EC0C-4C77-BBF9-EBB9CFCCCABA}
	EndGlobalSection
EndGlobal
